
Microsoft Visual Studio Solution File, Format Version 12.00
# Visual Studio Version 17
VisualStudioVersion = 17.3.32929.385
MinimumVisualStudioVersion = 10.0.40219.1
Project("{FAE04EC0-301F-11D3-BF4B-00C04F79EFBC}") = "CrudApiBackEnd", "CrudApiBackEnd.csproj", "{BD3A3211-B643-406D-A3BC-92CEE60B4ADF}"
EndProject
Project("{FAE04EC0-301F-11D3-BF4B-00C04F79EFBC}") = "CrudApiFrontEnd", "..\CrudApiFrontEnd\CrudApiFrontEnd.csproj", "{EA677111-892B-4ADE-95CB-BF4B9A60432D}"
EndProject
Global
	GlobalSection(SolutionConfigurationPlatforms) = preSolution
		Debug|Any CPU = Debug|Any CPU
		Release|Any CPU = Release|Any CPU
	EndGlobalSection
	GlobalSection(ProjectConfigurationPlatforms) = postSolution
		{BD3A3211-B643-406D-A3BC-92CEE60B4ADF}.Debug|Any CPU.ActiveCfg = Debug|Any CPU
		{BD3A3211-B643-406D-A3BC-92CEE60B4ADF}.Debug|Any CPU.Build.0 = Debug|Any CPU
		{BD3A3211-B643-406D-A3BC-92CEE60B4ADF}.Release|Any CPU.ActiveCfg = Release|Any CPU
		{BD3A3211-B643-406D-A3BC-92CEE60B4ADF}.Release|Any CPU.Build.0 = Release|Any CPU
		{EA677111-892B-4ADE-95CB-BF4B9A60432D}.Debug|Any CPU.ActiveCfg = Debug|Any CPU
		{EA677111-892B-4ADE-95CB-BF4B9A60432D}.Debug|Any CPU.Build.0 = Debug|Any CPU
		{EA677111-892B-4ADE-95CB-BF4B9A60432D}.Release|Any CPU.ActiveCfg = Release|Any CPU
		{EA677111-892B-4ADE-95CB-BF4B9A60432D}.Release|Any CPU.Build.0 = Release|Any CPU
	EndGlobalSection
	GlobalSection(SolutionProperties) = preSolution
		HideSolutionNode = FALSE
	EndGlobalSection
	GlobalSection(ExtensibilityGlobals) = postSolution
		SolutionGuid = {1D141DFF-8A81-4A8C-93DC-91EF7FE4B94F}
	EndGlobalSection
EndGlobal
